---
lockVersion: 1.0.0
dependencies:
  codeql/controlflow:
    version: 2.0.28
  codeql/cpp-all:
    version: 8.0.1
  codeql/dataflow:
    version: 2.1.0
  codeql/mad:
    version: 1.0.44
  codeql/quantum:
    version: 0.0.22
  codeql/rangeanalysis:
    version: 1.0.44
  codeql/ssa:
    version: 2.0.20
  codeql/tutorial:
    version: 1.0.44
  codeql/typeflow:
    version: 1.0.44
  codeql/typetracking:
    version: 2.0.28
  codeql/util:
    version: 2.0.31
  codeql/xml:
    version: 1.0.44
compiled: false
