 150 498896643
 84 63 115 19 58 65 51 105 103 6 30 27 83 123 99 25 147 31 125 48 47 116
76 144 104 82 113 61 109 111 132 93 54 88 141 128 110 37 146 64 130 68
124 46 121 73 92 114 74 13 22 75 138 142 119 148 126 69 42 18 53 133 131
16 89 87 137 39 120 24 21 71 2 9 91 4 97 90 149 26 60 66 122 100 56 95
127 136 20 96 77 57 49 102 139 134 35 72 29 112 32 78 41 80 129 94 36 8
14 33 40 12 106 98 34 143 150 28 117 7 67 101 108 81 107 70 5 1 55 3 118
52 10 85 79 15 23 62 43 44 38 135 45 59 145 140 50 86 17 11


