  100  1185996137
  85  37  27  81  65  70  50  45  82  48  66  26  94  29  72  95   1  86 99  30
  32  53  79   5  19  15  89  80  31  33  68  11   6  77  61  28  43  20 57  41
  24   3  78  76  98  54  21  51  87  58 100  39  84  60  64  38  12  36 17  35
  44  14  91  92  49  93  75   8  13  69   9  73  90   7  10  74   2  18 71  52
  96  34  67  46  25  63  62  42  47  40  97  59   4  83  55  22  56  23 16  88

