   256  44759294
   219 109 227 174 172  85 161 193  28 123 204  70 114 197 140
   240  41  14  49 153  45 160  48  19 201 102 178 148  11   2
   216 100 126 253 133 170  72  92 150 246 104 131 167 212 119
    17 180 187  53 143 244 214  24 157 236  55  79  66 136  75
    97  36  43 138 191 206 129  31 233   9 223 231 255  89  62
    58 250   5  38   7 182 210  83 221  51 106 163 111  77  96
   184 241 203 159 151 249 166 177  84 228  47 192  63  61   8
   205  71  80 156 220 103 176 200  16 124  25 194 190  26 110
    78  95 195 226  30  65 247 230 122 168 121 141 155  32 202
    29 162  88   6 235  73  21 232 208  50 142  82  15  69 225
    52  99 164 224  81 234 237 183  27 222 152 188 108 169 181
   127 118 171 154  56  39 251 207 165 239 105 242   1 149 139
   217  93 245 254  40 116  87 135   3   4  76  10  54  86 189
   144 101  68  64 218 199 213 146 179  13  20  60  42 175 256
   198 158 243  34  37 186 229  35 209 211  57  98 113  33 173
   125  18 132  22  44 107  23  67  91 128  74  90 137 117 238
    94 112  12 185 115 145 120 130 147 134  46 196 252 215 248
    59
