   80  818415043
   65   6   3  34  37  13   1  21  20  52  77  38  68  15  48  12  61  11
   45  79  36  74  16  26   5  71  73  23  22  51  66  42  40  17  14  67  
   70  25  33  55  27  29   4   9  41  49  59   7   2  69  44  54  10  46  
   57  24  32  47  56  28  30  58  76  31  18  39  75  19  78  72  62  35  
   53  63   8  50  64  60  43  80

