 150 8133398
99 107  68  47 142 138   2 114 150  74
  4  84 126 147  16  87 105  76  95 139
 30  33  80  31  61   5   9 100 134  26
146  90  97 120 108  65  20 122  78  52
127  72 104  43  39  42  60  35 117   8
 94  96 109  40  36  83 141  71  34  15
 41 137  73  63  11  57 132  18 110 115
 50  28   3 140  25  81   7  24  55  54
 17  32 128 102 136  59  77  88 116  69
131  62  91 103 111  64  58 135  46 101
 51 149  23  56  44 143  92  21  93  13
 12  45 144  67  10  19 119 145  89 106
130 113  49  29 133  79  75 123   6 112
 66  82  48  98  38 118   1  27 125  22
 86 121  85  37 129  70 124  14 148  53




