   100    273038
    15  28 100  64  95  88  32  87  30  50   9  10  43  56  78
    77  65  68  55  48   1  29  98  79  90  83  23  72  49  33
    46  71  39  76  26  69  52  99  53  25  14  37  13  45  80
    41  61  16  18   6  81  31  27  54   4  47  44   2  34  36
    63  73   3  96   5  75  19  67  97  51  74  22  58  93  42
     7  38  12  89  20  84  24  86  11   8  40  59  17  70  92
    57  62  35  91  66  60  82  21  85  94
